// !$*UTF8*$!
{
	archiveVersion = 1;
	classes = {
	};
	objectVersion = 56;
	objects = {

/* Begin PBXBuildFile section */
		3B3219612BCA6E2400B66D38 /* RealityKitContent in Frameworks */ = {isa = PBXBuildFile; productRef = 3B3219602BCA6E2400B66D38 /* RealityKitContent */; };
		3B3219632BCA6E2400B66D38 /* LudumDare55App.swift in Sources */ = {isa = PBXBuildFile; fileRef = 3B3219622BCA6E2400B66D38 /* LudumDare55App.swift */; };
		3B3219652BCA6E2400B66D38 /* FoodEncounterView.swift in Sources */ = {isa = PBXBuildFile; fileRef = 3B3219642BCA6E2400B66D38 /* FoodEncounterView.swift */; };
		3B3219672BCA6E2400B66D38 /* ImmersiveView.swift in Sources */ = {isa = PBXBuildFile; fileRef = 3B3219662BCA6E2400B66D38 /* ImmersiveView.swift */; };
		3B3219692BCA6E2500B66D38 /* Assets.xcassets in Resources */ = {isa = PBXBuildFile; fileRef = 3B3219682BCA6E2500B66D38 /* Assets.xcassets */; };
		3B32196C2BCA6E2500B66D38 /* Preview Assets.xcassets in Resources */ = {isa = PBXBuildFile; fileRef = 3B32196B2BCA6E2500B66D38 /* Preview Assets.xcassets */; };
		3BCBC0712BCA993300033866 /* FoodViewModel.swift in Sources */ = {isa = PBXBuildFile; fileRef = 3BCBC0702BCA993300033866 /* FoodViewModel.swift */; };
		3BCBC0732BCA9D0B00033866 /* FoodEncounterViewModel.swift in Sources */ = {isa = PBXBuildFile; fileRef = 3BCBC0722BCA9D0B00033866 /* FoodEncounterViewModel.swift */; };
		3BCBC0772BCAB74F00033866 /* ContentView.swift in Sources */ = {isa = PBXBuildFile; fileRef = 3BCBC0762BCAB74F00033866 /* ContentView.swift */; };
		3BCBC07A2BCABA8400033866 /* FoodEncounterImersiveView.swift in Sources */ = {isa = PBXBuildFile; fileRef = 3BCBC0792BCABA8400033866 /* FoodEncounterImersiveView.swift */; };
		7733108E2BCB191000003127 /* Triangle.swift in Sources */ = {isa = PBXBuildFile; fileRef = 7733108D2BCB191000003127 /* Triangle.swift */; };
		7733109A2BCBC99000003127 /* 10 манулов.mp3 in Resources */ = {isa = PBXBuildFile; fileRef = 773310902BCBC98F00003127 /* 10 манулов.mp3 */; };
		7733109B2BCBC99000003127 /* 5 манулов.mp3 in Resources */ = {isa = PBXBuildFile; fileRef = 773310912BCBC98F00003127 /* 5 манулов.mp3 */; };
		7733109C2BCBC99000003127 /* 4 манула.mp3 in Resources */ = {isa = PBXBuildFile; fileRef = 773310922BCBC98F00003127 /* 4 манула.mp3 */; };
		7733109D2BCBC99000003127 /* 7 манулов.mp3 in Resources */ = {isa = PBXBuildFile; fileRef = 773310932BCBC98F00003127 /* 7 манулов.mp3 */; };
		7733109E2BCBC99000003127 /* 8 манулов.mp3 in Resources */ = {isa = PBXBuildFile; fileRef = 773310942BCBC98F00003127 /* 8 манулов.mp3 */; };
		7733109F2BCBC99000003127 /* 9 манулов.mp3 in Resources */ = {isa = PBXBuildFile; fileRef = 773310952BCBC98F00003127 /* 9 манулов.mp3 */; };
		773310A02BCBC99000003127 /* 2 манула.mp3 in Resources */ = {isa = PBXBuildFile; fileRef = 773310962BCBC99000003127 /* 2 манула.mp3 */; };
		773310A12BCBC99000003127 /* 1 манул.mp3 in Resources */ = {isa = PBXBuildFile; fileRef = 773310972BCBC99000003127 /* 1 манул.mp3 */; };
		773310A22BCBC99000003127 /* 3 манула.mp3 in Resources */ = {isa = PBXBuildFile; fileRef = 773310982BCBC99000003127 /* 3 манула.mp3 */; };
		773310A32BCBC99000003127 /* 6 манулов.mp3 in Resources */ = {isa = PBXBuildFile; fileRef = 773310992BCBC99000003127 /* 6 манулов.mp3 */; };
		773310A52BCBCAD300003127 /* вы избили.mp3 in Resources */ = {isa = PBXBuildFile; fileRef = 773310A42BCBCAD300003127 /* вы избили.mp3 */; };
		77CE9F4F2BCA95B000421A92 /* HomeView.swift in Sources */ = {isa = PBXBuildFile; fileRef = 77CE9F4E2BCA95B000421A92 /* HomeView.swift */; };
		77CE9F512BCA95E900421A92 /* AppViewModel.swift in Sources */ = {isa = PBXBuildFile; fileRef = 77CE9F502BCA95E900421A92 /* AppViewModel.swift */; };
		77CE9F562BCA966000421A92 /* CenteredTitle.swift in Sources */ = {isa = PBXBuildFile; fileRef = 77CE9F552BCA966000421A92 /* CenteredTitle.swift */; };
		77CE9F582BCA968300421A92 /* PlayButton.swift in Sources */ = {isa = PBXBuildFile; fileRef = 77CE9F572BCA968300421A92 /* PlayButton.swift */; };
		77CE9F5A2BCA96B900421A92 /* AboutButton.swift in Sources */ = {isa = PBXBuildFile; fileRef = 77CE9F592BCA96B900421A92 /* AboutButton.swift */; };
		77CE9F5C2BCA970A00421A92 /* AboutView.swift in Sources */ = {isa = PBXBuildFile; fileRef = 77CE9F5B2BCA970A00421A92 /* AboutView.swift */; };
		77CE9F5E2BCA99BF00421A92 /* CatSelector.swift in Sources */ = {isa = PBXBuildFile; fileRef = 77CE9F5D2BCA99BF00421A92 /* CatSelector.swift */; };
		77CE9F612BCA9D0900421A92 /* ThingRealityController.swift in Sources */ = {isa = PBXBuildFile; fileRef = 77CE9F602BCA9D0900421A92 /* ThingRealityController.swift */; };
		77CE9F632BCA9D3C00421A92 /* RotateComponent.swift in Sources */ = {isa = PBXBuildFile; fileRef = 77CE9F622BCA9D3C00421A92 /* RotateComponent.swift */; };
		77CE9F652BCA9D6F00421A92 /* RotateSystem.swift in Sources */ = {isa = PBXBuildFile; fileRef = 77CE9F642BCA9D6F00421A92 /* RotateSystem.swift */; };
/* End PBXBuildFile section */

/* Begin PBXFileReference section */
		3B32195B2BCA6E2400B66D38 /* LudumDare55.app */ = {isa = PBXFileReference; explicitFileType = wrapper.application; includeInIndex = 0; path = LudumDare55.app; sourceTree = BUILT_PRODUCTS_DIR; };
		3B32195F2BCA6E2400B66D38 /* RealityKitContent */ = {isa = PBXFileReference; lastKnownFileType = wrapper; path = RealityKitContent; sourceTree = "<group>"; };
		3B3219622BCA6E2400B66D38 /* LudumDare55App.swift */ = {isa = PBXFileReference; lastKnownFileType = sourcecode.swift; path = LudumDare55App.swift; sourceTree = "<group>"; };
		3B3219642BCA6E2400B66D38 /* FoodEncounterView.swift */ = {isa = PBXFileReference; lastKnownFileType = sourcecode.swift; path = FoodEncounterView.swift; sourceTree = "<group>"; };
		3B3219662BCA6E2400B66D38 /* ImmersiveView.swift */ = {isa = PBXFileReference; lastKnownFileType = sourcecode.swift; path = ImmersiveView.swift; sourceTree = "<group>"; };
		3B3219682BCA6E2500B66D38 /* Assets.xcassets */ = {isa = PBXFileReference; lastKnownFileType = folder.assetcatalog; path = Assets.xcassets; sourceTree = "<group>"; };
		3B32196B2BCA6E2500B66D38 /* Preview Assets.xcassets */ = {isa = PBXFileReference; lastKnownFileType = folder.assetcatalog; path = "Preview Assets.xcassets"; sourceTree = "<group>"; };
		3B32196D2BCA6E2500B66D38 /* Info.plist */ = {isa = PBXFileReference; lastKnownFileType = text.plist.xml; path = Info.plist; sourceTree = "<group>"; };
		3BCBC0702BCA993300033866 /* FoodViewModel.swift */ = {isa = PBXFileReference; lastKnownFileType = sourcecode.swift; path = FoodViewModel.swift; sourceTree = "<group>"; };
		3BCBC0722BCA9D0B00033866 /* FoodEncounterViewModel.swift */ = {isa = PBXFileReference; lastKnownFileType = sourcecode.swift; path = FoodEncounterViewModel.swift; sourceTree = "<group>"; };
		3BCBC0762BCAB74F00033866 /* ContentView.swift */ = {isa = PBXFileReference; fileEncoding = 4; lastKnownFileType = sourcecode.swift; path = ContentView.swift; sourceTree = "<group>"; };
		3BCBC0792BCABA8400033866 /* FoodEncounterImersiveView.swift */ = {isa = PBXFileReference; lastKnownFileType = sourcecode.swift; path = FoodEncounterImersiveView.swift; sourceTree = "<group>"; };
		7733108D2BCB191000003127 /* Triangle.swift */ = {isa = PBXFileReference; lastKnownFileType = sourcecode.swift; path = Triangle.swift; sourceTree = "<group>"; };
		773310902BCBC98F00003127 /* 10 манулов.mp3 */ = {isa = PBXFileReference; lastKnownFileType = audio.mp3; path = "10 манулов.mp3"; sourceTree = "<group>"; };
		773310912BCBC98F00003127 /* 5 манулов.mp3 */ = {isa = PBXFileReference; lastKnownFileType = audio.mp3; name = "5 манулов.mp3"; path = "Packages/RealityKitContent/Sources/RealityKitContent/RealityKitContent.rkassets/5 манулов.mp3"; sourceTree = SOURCE_ROOT; };
		773310922BCBC98F00003127 /* 4 манула.mp3 */ = {isa = PBXFileReference; lastKnownFileType = audio.mp3; name = "4 манула.mp3"; path = "Packages/RealityKitContent/Sources/RealityKitContent/RealityKitContent.rkassets/4 манула.mp3"; sourceTree = SOURCE_ROOT; };
		773310932BCBC98F00003127 /* 7 манулов.mp3 */ = {isa = PBXFileReference; lastKnownFileType = audio.mp3; name = "7 манулов.mp3"; path = "Packages/RealityKitContent/Sources/RealityKitContent/RealityKitContent.rkassets/7 манулов.mp3"; sourceTree = SOURCE_ROOT; };
		773310942BCBC98F00003127 /* 8 манулов.mp3 */ = {isa = PBXFileReference; lastKnownFileType = audio.mp3; name = "8 манулов.mp3"; path = "Packages/RealityKitContent/Sources/RealityKitContent/RealityKitContent.rkassets/8 манулов.mp3"; sourceTree = SOURCE_ROOT; };
		773310952BCBC98F00003127 /* 9 манулов.mp3 */ = {isa = PBXFileReference; lastKnownFileType = audio.mp3; name = "9 манулов.mp3"; path = "Packages/RealityKitContent/Sources/RealityKitContent/RealityKitContent.rkassets/9 манулов.mp3"; sourceTree = SOURCE_ROOT; };
		773310962BCBC99000003127 /* 2 манула.mp3 */ = {isa = PBXFileReference; lastKnownFileType = audio.mp3; path = "2 манула.mp3"; sourceTree = "<group>"; };
		773310972BCBC99000003127 /* 1 манул.mp3 */ = {isa = PBXFileReference; lastKnownFileType = audio.mp3; path = "1 манул.mp3"; sourceTree = "<group>"; };
		773310982BCBC99000003127 /* 3 манула.mp3 */ = {isa = PBXFileReference; lastKnownFileType = audio.mp3; path = "3 манула.mp3"; sourceTree = "<group>"; };
		773310992BCBC99000003127 /* 6 манулов.mp3 */ = {isa = PBXFileReference; lastKnownFileType = audio.mp3; path = "6 манулов.mp3"; sourceTree = "<group>"; };
		773310A42BCBCAD300003127 /* вы избили.mp3 */ = {isa = PBXFileReference; lastKnownFileType = audio.mp3; path = "вы избили.mp3"; sourceTree = "<group>"; };
		77CE9F4E2BCA95B000421A92 /* HomeView.swift */ = {isa = PBXFileReference; lastKnownFileType = sourcecode.swift; path = HomeView.swift; sourceTree = "<group>"; };
		77CE9F502BCA95E900421A92 /* AppViewModel.swift */ = {isa = PBXFileReference; lastKnownFileType = sourcecode.swift; path = AppViewModel.swift; sourceTree = "<group>"; };
		77CE9F552BCA966000421A92 /* CenteredTitle.swift */ = {isa = PBXFileReference; lastKnownFileType = sourcecode.swift; path = CenteredTitle.swift; sourceTree = "<group>"; };
		77CE9F572BCA968300421A92 /* PlayButton.swift */ = {isa = PBXFileReference; lastKnownFileType = sourcecode.swift; path = PlayButton.swift; sourceTree = "<group>"; };
		77CE9F592BCA96B900421A92 /* AboutButton.swift */ = {isa = PBXFileReference; lastKnownFileType = sourcecode.swift; path = AboutButton.swift; sourceTree = "<group>"; };
		77CE9F5B2BCA970A00421A92 /* AboutView.swift */ = {isa = PBXFileReference; lastKnownFileType = sourcecode.swift; path = AboutView.swift; sourceTree = "<group>"; };
		77CE9F5D2BCA99BF00421A92 /* CatSelector.swift */ = {isa = PBXFileReference; lastKnownFileType = sourcecode.swift; path = CatSelector.swift; sourceTree = "<group>"; };
		77CE9F602BCA9D0900421A92 /* ThingRealityController.swift */ = {isa = PBXFileReference; lastKnownFileType = sourcecode.swift; path = ThingRealityController.swift; sourceTree = "<group>"; };
		77CE9F622BCA9D3C00421A92 /* RotateComponent.swift */ = {isa = PBXFileReference; lastKnownFileType = sourcecode.swift; path = RotateComponent.swift; sourceTree = "<group>"; };
		77CE9F642BCA9D6F00421A92 /* RotateSystem.swift */ = {isa = PBXFileReference; lastKnownFileType = sourcecode.swift; path = RotateSystem.swift; sourceTree = "<group>"; };
/* End PBXFileReference section */

/* Begin PBXFrameworksBuildPhase section */
		3B3219582BCA6E2400B66D38 /* Frameworks */ = {
			isa = PBXFrameworksBuildPhase;
			buildActionMask = 2147483647;
			files = (
				3B3219612BCA6E2400B66D38 /* RealityKitContent in Frameworks */,
			);
			runOnlyForDeploymentPostprocessing = 0;
		};
/* End PBXFrameworksBuildPhase section */

/* Begin PBXGroup section */
		3B3219522BCA6E2400B66D38 = {
			isa = PBXGroup;
			children = (
				3B32195D2BCA6E2400B66D38 /* LudumDare55 */,
				3B32195E2BCA6E2400B66D38 /* Packages */,
				3B32195C2BCA6E2400B66D38 /* Products */,
			);
			sourceTree = "<group>";
		};
		3B32195C2BCA6E2400B66D38 /* Products */ = {
			isa = PBXGroup;
			children = (
				3B32195B2BCA6E2400B66D38 /* LudumDare55.app */,
			);
			name = Products;
			sourceTree = "<group>";
		};
		3B32195D2BCA6E2400B66D38 /* LudumDare55 */ = {
			isa = PBXGroup;
			children = (
				3BCBC0782BCABA1500033866 /* FoodEncounter */,
				7733108F2BCBC96800003127 /* Sounds */,
				77CE9F5F2BCA9CFC00421A92 /* Controllers */,
				77CE9F542BCA964D00421A92 /* Components */,
				77CE9F4D2BCA959C00421A92 /* Views */,
				3B3219622BCA6E2400B66D38 /* LudumDare55App.swift */,
				3BCBC0762BCAB74F00033866 /* ContentView.swift */,
				3B3219662BCA6E2400B66D38 /* ImmersiveView.swift */,
				3B3219682BCA6E2500B66D38 /* Assets.xcassets */,
				3B32196D2BCA6E2500B66D38 /* Info.plist */,
				3B32196A2BCA6E2500B66D38 /* Preview Content */,
				77CE9F502BCA95E900421A92 /* AppViewModel.swift */,
				77CE9F622BCA9D3C00421A92 /* RotateComponent.swift */,
				77CE9F642BCA9D6F00421A92 /* RotateSystem.swift */,
				7733108D2BCB191000003127 /* Triangle.swift */,
			);
			path = LudumDare55;
			sourceTree = "<group>";
		};
		3B32195E2BCA6E2400B66D38 /* Packages */ = {
			isa = PBXGroup;
			children = (
				3B32195F2BCA6E2400B66D38 /* RealityKitContent */,
			);
			path = Packages;
			sourceTree = "<group>";
		};
		3B32196A2BCA6E2500B66D38 /* Preview Content */ = {
			isa = PBXGroup;
			children = (
				3B32196B2BCA6E2500B66D38 /* Preview Assets.xcassets */,
			);
			path = "Preview Content";
			sourceTree = "<group>";
		};
		3BCBC0782BCABA1500033866 /* FoodEncounter */ = {
			isa = PBXGroup;
			children = (
				3B3219642BCA6E2400B66D38 /* FoodEncounterView.swift */,
				3BCBC0722BCA9D0B00033866 /* FoodEncounterViewModel.swift */,
				3BCBC0792BCABA8400033866 /* FoodEncounterImersiveView.swift */,
				3BCBC0702BCA993300033866 /* FoodViewModel.swift */,
			);
			path = FoodEncounter;
			sourceTree = "<group>";
		};
		7733108F2BCBC96800003127 /* Sounds */ = {
			isa = PBXGroup;
			children = (
				773310A42BCBCAD300003127 /* вы избили.mp3 */,
				773310972BCBC99000003127 /* 1 манул.mp3 */,
				773310962BCBC99000003127 /* 2 манула.mp3 */,
				773310982BCBC99000003127 /* 3 манула.mp3 */,
				773310922BCBC98F00003127 /* 4 манула.mp3 */,
				773310912BCBC98F00003127 /* 5 манулов.mp3 */,
				773310992BCBC99000003127 /* 6 манулов.mp3 */,
				773310932BCBC98F00003127 /* 7 манулов.mp3 */,
				773310942BCBC98F00003127 /* 8 манулов.mp3 */,
				773310952BCBC98F00003127 /* 9 манулов.mp3 */,
				773310902BCBC98F00003127 /* 10 манулов.mp3 */,
			);
			path = Sounds;
			sourceTree = "<group>";
		};
		77CE9F4D2BCA959C00421A92 /* Views */ = {
			isa = PBXGroup;
			children = (
				77CE9F4E2BCA95B000421A92 /* HomeView.swift */,
				77CE9F5B2BCA970A00421A92 /* AboutView.swift */,
			);
			path = Views;
			sourceTree = "<group>";
		};
		77CE9F542BCA964D00421A92 /* Components */ = {
			isa = PBXGroup;
			children = (
				77CE9F552BCA966000421A92 /* CenteredTitle.swift */,
				77CE9F572BCA968300421A92 /* PlayButton.swift */,
				77CE9F592BCA96B900421A92 /* AboutButton.swift */,
				77CE9F5D2BCA99BF00421A92 /* CatSelector.swift */,
			);
			path = Components;
			sourceTree = "<group>";
		};
		77CE9F5F2BCA9CFC00421A92 /* Controllers */ = {
			isa = PBXGroup;
			children = (
				77CE9F602BCA9D0900421A92 /* ThingRealityController.swift */,
			);
			path = Controllers;
			sourceTree = "<group>";
		};
/* End PBXGroup section */

/* Begin PBXNativeTarget section */
		3B32195A2BCA6E2400B66D38 /* LudumDare55 */ = {
			isa = PBXNativeTarget;
			buildConfigurationList = 3B3219702BCA6E2500B66D38 /* Build configuration list for PBXNativeTarget "LudumDare55" */;
			buildPhases = (
				3B3219572BCA6E2400B66D38 /* Sources */,
				3B3219582BCA6E2400B66D38 /* Frameworks */,
				3B3219592BCA6E2400B66D38 /* Resources */,
			);
			buildRules = (
			);
			dependencies = (
			);
			name = LudumDare55;
			packageProductDependencies = (
				3B3219602BCA6E2400B66D38 /* RealityKitContent */,
			);
			productName = LudumDare55;
			productReference = 3B32195B2BCA6E2400B66D38 /* LudumDare55.app */;
			productType = "com.apple.product-type.application";
		};
/* End PBXNativeTarget section */

/* Begin PBXProject section */
		3B3219532BCA6E2400B66D38 /* Project object */ = {
			isa = PBXProject;
			attributes = {
				BuildIndependentTargetsInParallel = 1;
				LastSwiftUpdateCheck = 1520;
				LastUpgradeCheck = 1520;
				TargetAttributes = {
					3B32195A2BCA6E2400B66D38 = {
						CreatedOnToolsVersion = 15.2;
					};
				};
			};
			buildConfigurationList = 3B3219562BCA6E2400B66D38 /* Build configuration list for PBXProject "LudumDare55" */;
			compatibilityVersion = "Xcode 14.0";
			developmentRegion = en;
			hasScannedForEncodings = 0;
			knownRegions = (
				en,
				Base,
			);
			mainGroup = 3B3219522BCA6E2400B66D38;
			productRefGroup = 3B32195C2BCA6E2400B66D38 /* Products */;
			projectDirPath = "";
			projectRoot = "";
			targets = (
				3B32195A2BCA6E2400B66D38 /* LudumDare55 */,
			);
		};
/* End PBXProject section */

/* Begin PBXResourcesBuildPhase section */
		3B3219592BCA6E2400B66D38 /* Resources */ = {
			isa = PBXResourcesBuildPhase;
			buildActionMask = 2147483647;
			files = (
				7733109E2BCBC99000003127 /* 8 манулов.mp3 in Resources */,
				7733109A2BCBC99000003127 /* 10 манулов.mp3 in Resources */,
				3B32196C2BCA6E2500B66D38 /* Preview Assets.xcassets in Resources */,
				7733109F2BCBC99000003127 /* 9 манулов.mp3 in Resources */,
				773310A32BCBC99000003127 /* 6 манулов.mp3 in Resources */,
				773310A52BCBCAD300003127 /* вы избили.mp3 in Resources */,
				773310A02BCBC99000003127 /* 2 манула.mp3 in Resources */,
				773310A22BCBC99000003127 /* 3 манула.mp3 in Resources */,
				3B3219692BCA6E2500B66D38 /* Assets.xcassets in Resources */,
				7733109D2BCBC99000003127 /* 7 манулов.mp3 in Resources */,
				7733109B2BCBC99000003127 /* 5 манулов.mp3 in Resources */,
				7733109C2BCBC99000003127 /* 4 манула.mp3 in Resources */,
				773310A12BCBC99000003127 /* 1 манул.mp3 in Resources */,
			);
			runOnlyForDeploymentPostprocessing = 0;
		};
/* End PBXResourcesBuildPhase section */

/* Begin PBXSourcesBuildPhase section */
		3B3219572BCA6E2400B66D38 /* Sources */ = {
			isa = PBXSourcesBuildPhase;
			buildActionMask = 2147483647;
			files = (
				3BCBC0712BCA993300033866 /* FoodViewModel.swift in Sources */,
				3BCBC07A2BCABA8400033866 /* FoodEncounterImersiveView.swift in Sources */,
				3BCBC0732BCA9D0B00033866 /* FoodEncounterViewModel.swift in Sources */,
				3B3219652BCA6E2400B66D38 /* FoodEncounterView.swift in Sources */,
				3B3219632BCA6E2400B66D38 /* LudumDare55App.swift in Sources */,
				77CE9F612BCA9D0900421A92 /* ThingRealityController.swift in Sources */,
				77CE9F512BCA95E900421A92 /* AppViewModel.swift in Sources */,
				77CE9F582BCA968300421A92 /* PlayButton.swift in Sources */,
				3BCBC0772BCAB74F00033866 /* ContentView.swift in Sources */,
				3B3219652BCA6E2400B66D38 /* FoodEncounterView.swift in Sources */,
				77CE9F5E2BCA99BF00421A92 /* CatSelector.swift in Sources */,
				77CE9F5A2BCA96B900421A92 /* AboutButton.swift in Sources */,
				77CE9F5C2BCA970A00421A92 /* AboutView.swift in Sources */,
				77CE9F4F2BCA95B000421A92 /* HomeView.swift in Sources */,
				77CE9F652BCA9D6F00421A92 /* RotateSystem.swift in Sources */,
				7733108E2BCB191000003127 /* Triangle.swift in Sources */,
				3B3219632BCA6E2400B66D38 /* LudumDare55App.swift in Sources */,
				77CE9F562BCA966000421A92 /* CenteredTitle.swift in Sources */,
				77CE9F632BCA9D3C00421A92 /* RotateComponent.swift in Sources */,
				3B3219672BCA6E2400B66D38 /* ImmersiveView.swift in Sources */,
			);
			runOnlyForDeploymentPostprocessing = 0;
		};
/* End PBXSourcesBuildPhase section */

/* Begin XCBuildConfiguration section */
		3B32196E2BCA6E2500B66D38 /* Debug */ = {
			isa = XCBuildConfiguration;
			buildSettings = {
				ALWAYS_SEARCH_USER_PATHS = NO;
				ASSETCATALOG_COMPILER_GENERATE_SWIFT_ASSET_SYMBOL_EXTENSIONS = YES;
				CLANG_ANALYZER_NONNULL = YES;
				CLANG_ANALYZER_NUMBER_OBJECT_CONVERSION = YES_AGGRESSIVE;
				CLANG_CXX_LANGUAGE_STANDARD = "gnu++20";
				CLANG_ENABLE_MODULES = YES;
				CLANG_ENABLE_OBJC_ARC = YES;
				CLANG_ENABLE_OBJC_WEAK = YES;
				CLANG_WARN_BLOCK_CAPTURE_AUTORELEASING = YES;
				CLANG_WARN_BOOL_CONVERSION = YES;
				CLANG_WARN_COMMA = YES;
				CLANG_WARN_CONSTANT_CONVERSION = YES;
				CLANG_WARN_DEPRECATED_OBJC_IMPLEMENTATIONS = YES;
				CLANG_WARN_DIRECT_OBJC_ISA_USAGE = YES_ERROR;
				CLANG_WARN_DOCUMENTATION_COMMENTS = YES;
				CLANG_WARN_EMPTY_BODY = YES;
				CLANG_WARN_ENUM_CONVERSION = YES;
				CLANG_WARN_INFINITE_RECURSION = YES;
				CLANG_WARN_INT_CONVERSION = YES;
				CLANG_WARN_NON_LITERAL_NULL_CONVERSION = YES;
				CLANG_WARN_OBJC_IMPLICIT_RETAIN_SELF = YES;
				CLANG_WARN_OBJC_LITERAL_CONVERSION = YES;
				CLANG_WARN_OBJC_ROOT_CLASS = YES_ERROR;
				CLANG_WARN_QUOTED_INCLUDE_IN_FRAMEWORK_HEADER = YES;
				CLANG_WARN_RANGE_LOOP_ANALYSIS = YES;
				CLANG_WARN_STRICT_PROTOTYPES = YES;
				CLANG_WARN_SUSPICIOUS_MOVE = YES;
				CLANG_WARN_UNGUARDED_AVAILABILITY = YES_AGGRESSIVE;
				CLANG_WARN_UNREACHABLE_CODE = YES;
				CLANG_WARN__DUPLICATE_METHOD_MATCH = YES;
				COPY_PHASE_STRIP = NO;
				DEBUG_INFORMATION_FORMAT = dwarf;
				ENABLE_STRICT_OBJC_MSGSEND = YES;
				ENABLE_TESTABILITY = YES;
				ENABLE_USER_SCRIPT_SANDBOXING = YES;
				GCC_C_LANGUAGE_STANDARD = gnu17;
				GCC_DYNAMIC_NO_PIC = NO;
				GCC_NO_COMMON_BLOCKS = YES;
				GCC_OPTIMIZATION_LEVEL = 0;
				GCC_PREPROCESSOR_DEFINITIONS = (
					"DEBUG=1",
					"$(inherited)",
				);
				GCC_WARN_64_TO_32_BIT_CONVERSION = YES;
				GCC_WARN_ABOUT_RETURN_TYPE = YES_ERROR;
				GCC_WARN_UNDECLARED_SELECTOR = YES;
				GCC_WARN_UNINITIALIZED_AUTOS = YES_AGGRESSIVE;
				GCC_WARN_UNUSED_FUNCTION = YES;
				GCC_WARN_UNUSED_VARIABLE = YES;
				LOCALIZATION_PREFERS_STRING_CATALOGS = YES;
				MTL_ENABLE_DEBUG_INFO = INCLUDE_SOURCE;
				MTL_FAST_MATH = YES;
				ONLY_ACTIVE_ARCH = YES;
				SDKROOT = xros;
				SWIFT_ACTIVE_COMPILATION_CONDITIONS = "DEBUG $(inherited)";
				SWIFT_OPTIMIZATION_LEVEL = "-Onone";
				XROS_DEPLOYMENT_TARGET = 1.0;
			};
			name = Debug;
		};
		3B32196F2BCA6E2500B66D38 /* Release */ = {
			isa = XCBuildConfiguration;
			buildSettings = {
				ALWAYS_SEARCH_USER_PATHS = NO;
				ASSETCATALOG_COMPILER_GENERATE_SWIFT_ASSET_SYMBOL_EXTENSIONS = YES;
				CLANG_ANALYZER_NONNULL = YES;
				CLANG_ANALYZER_NUMBER_OBJECT_CONVERSION = YES_AGGRESSIVE;
				CLANG_CXX_LANGUAGE_STANDARD = "gnu++20";
				CLANG_ENABLE_MODULES = YES;
				CLANG_ENABLE_OBJC_ARC = YES;
				CLANG_ENABLE_OBJC_WEAK = YES;
				CLANG_WARN_BLOCK_CAPTURE_AUTORELEASING = YES;
				CLANG_WARN_BOOL_CONVERSION = YES;
				CLANG_WARN_COMMA = YES;
				CLANG_WARN_CONSTANT_CONVERSION = YES;
				CLANG_WARN_DEPRECATED_OBJC_IMPLEMENTATIONS = YES;
				CLANG_WARN_DIRECT_OBJC_ISA_USAGE = YES_ERROR;
				CLANG_WARN_DOCUMENTATION_COMMENTS = YES;
				CLANG_WARN_EMPTY_BODY = YES;
				CLANG_WARN_ENUM_CONVERSION = YES;
				CLANG_WARN_INFINITE_RECURSION = YES;
				CLANG_WARN_INT_CONVERSION = YES;
				CLANG_WARN_NON_LITERAL_NULL_CONVERSION = YES;
				CLANG_WARN_OBJC_IMPLICIT_RETAIN_SELF = YES;
				CLANG_WARN_OBJC_LITERAL_CONVERSION = YES;
				CLANG_WARN_OBJC_ROOT_CLASS = YES_ERROR;
				CLANG_WARN_QUOTED_INCLUDE_IN_FRAMEWORK_HEADER = YES;
				CLANG_WARN_RANGE_LOOP_ANALYSIS = YES;
				CLANG_WARN_STRICT_PROTOTYPES = YES;
				CLANG_WARN_SUSPICIOUS_MOVE = YES;
				CLANG_WARN_UNGUARDED_AVAILABILITY = YES_AGGRESSIVE;
				CLANG_WARN_UNREACHABLE_CODE = YES;
				CLANG_WARN__DUPLICATE_METHOD_MATCH = YES;
				COPY_PHASE_STRIP = NO;
				DEBUG_INFORMATION_FORMAT = "dwarf-with-dsym";
				ENABLE_NS_ASSERTIONS = NO;
				ENABLE_STRICT_OBJC_MSGSEND = YES;
				ENABLE_USER_SCRIPT_SANDBOXING = YES;
				GCC_C_LANGUAGE_STANDARD = gnu17;
				GCC_NO_COMMON_BLOCKS = YES;
				GCC_WARN_64_TO_32_BIT_CONVERSION = YES;
				GCC_WARN_ABOUT_RETURN_TYPE = YES_ERROR;
				GCC_WARN_UNDECLARED_SELECTOR = YES;
				GCC_WARN_UNINITIALIZED_AUTOS = YES_AGGRESSIVE;
				GCC_WARN_UNUSED_FUNCTION = YES;
				GCC_WARN_UNUSED_VARIABLE = YES;
				LOCALIZATION_PREFERS_STRING_CATALOGS = YES;
				MTL_ENABLE_DEBUG_INFO = NO;
				MTL_FAST_MATH = YES;
				SDKROOT = xros;
				SWIFT_COMPILATION_MODE = wholemodule;
				VALIDATE_PRODUCT = YES;
				XROS_DEPLOYMENT_TARGET = 1.0;
			};
			name = Release;
		};
		3B3219712BCA6E2500B66D38 /* Debug */ = {
			isa = XCBuildConfiguration;
			buildSettings = {
				ASSETCATALOG_COMPILER_APPICON_NAME = AppIcon;
				ASSETCATALOG_COMPILER_GLOBAL_ACCENT_COLOR_NAME = AccentColor;
				CODE_SIGN_STYLE = Automatic;
				CURRENT_PROJECT_VERSION = 1;
				DEVELOPMENT_ASSET_PATHS = "\"LudumDare55/Preview Content\"";
				DEVELOPMENT_TEAM = RMPV57KQ7K;
				ENABLE_PREVIEWS = YES;
				GENERATE_INFOPLIST_FILE = YES;
				INFOPLIST_FILE = "$(TARGET_NAME)/Info.plist";
				LD_RUNPATH_SEARCH_PATHS = (
					"$(inherited)",
					"@executable_path/Frameworks",
				);
				MARKETING_VERSION = 1.0;
				PRODUCT_BUNDLE_IDENTIFIER = com.alihanabiteev.ludumdare;
				PRODUCT_NAME = "$(TARGET_NAME)";
				SUPPORTED_PLATFORMS = "xros xrsimulator";
				SWIFT_EMIT_LOC_STRINGS = YES;
				SWIFT_VERSION = 5.0;
				TARGETED_DEVICE_FAMILY = "1,2,7";
			};
			name = Debug;
		};
		3B3219722BCA6E2500B66D38 /* Release */ = {
			isa = XCBuildConfiguration;
			buildSettings = {
				ASSETCATALOG_COMPILER_APPICON_NAME = AppIcon;
				ASSETCATALOG_COMPILER_GLOBAL_ACCENT_COLOR_NAME = AccentColor;
				CODE_SIGN_STYLE = Automatic;
				CURRENT_PROJECT_VERSION = 1;
				DEVELOPMENT_ASSET_PATHS = "\"LudumDare55/Preview Content\"";
				DEVELOPMENT_TEAM = RMPV57KQ7K;
				ENABLE_PREVIEWS = YES;
				GENERATE_INFOPLIST_FILE = YES;
				INFOPLIST_FILE = "$(TARGET_NAME)/Info.plist";
				LD_RUNPATH_SEARCH_PATHS = (
					"$(inherited)",
					"@executable_path/Frameworks",
				);
				MARKETING_VERSION = 1.0;
				PRODUCT_BUNDLE_IDENTIFIER = com.alihanabiteev.ludumdare;
				PRODUCT_NAME = "$(TARGET_NAME)";
				SUPPORTED_PLATFORMS = "xros xrsimulator";
				SWIFT_EMIT_LOC_STRINGS = YES;
				SWIFT_VERSION = 5.0;
				TARGETED_DEVICE_FAMILY = "1,2,7";
			};
			name = Release;
		};
/* End XCBuildConfiguration section */

/* Begin XCConfigurationList section */
		3B3219562BCA6E2400B66D38 /* Build configuration list for PBXProject "LudumDare55" */ = {
			isa = XCConfigurationList;
			buildConfigurations = (
				3B32196E2BCA6E2500B66D38 /* Debug */,
				3B32196F2BCA6E2500B66D38 /* Release */,
			);
			defaultConfigurationIsVisible = 0;
			defaultConfigurationName = Release;
		};
		3B3219702BCA6E2500B66D38 /* Build configuration list for PBXNativeTarget "LudumDare55" */ = {
			isa = XCConfigurationList;
			buildConfigurations = (
				3B3219712BCA6E2500B66D38 /* Debug */,
				3B3219722BCA6E2500B66D38 /* Release */,
			);
			defaultConfigurationIsVisible = 0;
			defaultConfigurationName = Release;
		};
/* End XCConfigurationList section */

/* Begin XCSwiftPackageProductDependency section */
		3B3219602BCA6E2400B66D38 /* RealityKitContent */ = {
			isa = XCSwiftPackageProductDependency;
			productName = RealityKitContent;
		};
/* End XCSwiftPackageProductDependency section */
	};
	rootObject = 3B3219532BCA6E2400B66D38 /* Project object */;
}
